// !$*UTF8*$!
{
	archiveVersion = 1;
	classes = {
	};
	objectVersion = 56;
	objects = {

/* Begin PBXBuildFile section */
		F515ECDF2ABF6B5000225887 /* APIManager.swift in Sources */ = {isa = PBXBuildFile; fileRef = F515ECDE2ABF6B4F00225887 /* APIManager.swift */; };
		F515ECE52ABF7B9A00225887 /* art.scnassets in Resources */ = {isa = PBXBuildFile; fileRef = F515ECE42ABF7B9A00225887 /* art.scnassets */; };
		F515ECE72AC218D100225887 /* ListView.swift in Sources */ = {isa = PBXBuildFile; fileRef = F515ECE62AC218D100225887 /* ListView.swift */; };
		F51F0B212AE1A9E400CF31D3 /* SubFoldersListView.swift in Sources */ = {isa = PBXBuildFile; fileRef = F51F0B202AE1A9E400CF31D3 /* SubFoldersListView.swift */; };
		F51F0B232AE1AA1F00CF31D3 /* FolderCellView.swift in Sources */ = {isa = PBXBuildFile; fileRef = F51F0B222AE1AA1F00CF31D3 /* FolderCellView.swift */; };
		F51F0B252AE1AA8A00CF31D3 /* ModelCellView.swift in Sources */ = {isa = PBXBuildFile; fileRef = F51F0B242AE1AA8A00CF31D3 /* ModelCellView.swift */; };
		F525C4352ADDD61700A988B1 /* AddModelView.swift in Sources */ = {isa = PBXBuildFile; fileRef = F525C4342ADDD61700A988B1 /* AddModelView.swift */; };
		F525C4372ADDD62A00A988B1 /* AddSubFolderView.swift in Sources */ = {isa = PBXBuildFile; fileRef = F525C4362ADDD62A00A988B1 /* AddSubFolderView.swift */; };
		F53516A92AE70EEB00A9F688 /* ModelsListView.swift in Sources */ = {isa = PBXBuildFile; fileRef = F53516A82AE70EEB00A9F688 /* ModelsListView.swift */; };
		F535FDC42B27584D00C02B04 /* ARViewExtension.swift in Sources */ = {isa = PBXBuildFile; fileRef = F535FDC32B27584D00C02B04 /* ARViewExtension.swift */; };
		F564CF5C2ABC9881001063D6 /* GoogleService-Info.plist in Resources */ = {isa = PBXBuildFile; fileRef = F564CF5B2ABC9881001063D6 /* GoogleService-Info.plist */; };
		F59336452AE2E3D1005F3B24 /* SnapKit in Frameworks */ = {isa = PBXBuildFile; productRef = F59336442AE2E3D1005F3B24 /* SnapKit */; };
		F593367F2AE2E436005F3B24 /* RealmSwift in Frameworks */ = {isa = PBXBuildFile; productRef = F593367E2AE2E436005F3B24 /* RealmSwift */; };
		F59336812AE2E47C005F3B24 /* FirebaseStorage in Frameworks */ = {isa = PBXBuildFile; productRef = F59336802AE2E47C005F3B24 /* FirebaseStorage */; };
		F5C966802AE9AF9200A745FF /* ARModel.swift in Sources */ = {isa = PBXBuildFile; fileRef = F5C9667F2AE9AF9200A745FF /* ARModel.swift */; };
		F5CDF3962AB5DA14008F60CA /* AppDelegate.swift in Sources */ = {isa = PBXBuildFile; fileRef = F5CDF3952AB5DA14008F60CA /* AppDelegate.swift */; };
		F5CDF3982AB5DA14008F60CA /* SceneDelegate.swift in Sources */ = {isa = PBXBuildFile; fileRef = F5CDF3972AB5DA14008F60CA /* SceneDelegate.swift */; };
		F5CDF39A2AB5DA14008F60CA /* ARViewController.swift in Sources */ = {isa = PBXBuildFile; fileRef = F5CDF3992AB5DA14008F60CA /* ARViewController.swift */; };
		F5CDF39F2AB5DA16008F60CA /* Assets.xcassets in Resources */ = {isa = PBXBuildFile; fileRef = F5CDF39E2AB5DA16008F60CA /* Assets.xcassets */; };
		F5CDF3A22AB5DA16008F60CA /* LaunchScreen.storyboard in Resources */ = {isa = PBXBuildFile; fileRef = F5CDF3A02AB5DA16008F60CA /* LaunchScreen.storyboard */; };
		F5CDF3B42AB70E2C008F60CA /* TabBarController.swift in Sources */ = {isa = PBXBuildFile; fileRef = F5CDF3B32AB70E2C008F60CA /* TabBarController.swift */; };
		F5CDF3B72AB7144E008F60CA /* UIColorExtension.swift in Sources */ = {isa = PBXBuildFile; fileRef = F5CDF3B62AB7144E008F60CA /* UIColorExtension.swift */; };
		F5CDF3C42AB7394B008F60CA /* Folder.swift in Sources */ = {isa = PBXBuildFile; fileRef = F5CDF3C32AB7394B008F60CA /* Folder.swift */; };
		F5CDF3CF2AB7436A008F60CA /* FixelText-Light.ttf in Resources */ = {isa = PBXBuildFile; fileRef = F5CDF3C62AB74369008F60CA /* FixelText-Light.ttf */; };
		F5CDF3D02AB7436A008F60CA /* FixelText-SemiBold.ttf in Resources */ = {isa = PBXBuildFile; fileRef = F5CDF3C72AB74369008F60CA /* FixelText-SemiBold.ttf */; };
		F5CDF3D12AB7436A008F60CA /* FixelText-ExtraBold.ttf in Resources */ = {isa = PBXBuildFile; fileRef = F5CDF3C82AB74369008F60CA /* FixelText-ExtraBold.ttf */; };
		F5CDF3D22AB7436A008F60CA /* FixelText-Regular.ttf in Resources */ = {isa = PBXBuildFile; fileRef = F5CDF3C92AB7436A008F60CA /* FixelText-Regular.ttf */; };
		F5CDF3D32AB7436A008F60CA /* FixelText-Bold.ttf in Resources */ = {isa = PBXBuildFile; fileRef = F5CDF3CA2AB7436A008F60CA /* FixelText-Bold.ttf */; };
		F5CDF3D42AB7436A008F60CA /* FixelText-ExtraLight.ttf in Resources */ = {isa = PBXBuildFile; fileRef = F5CDF3CB2AB7436A008F60CA /* FixelText-ExtraLight.ttf */; };
		F5CDF3D52AB7436A008F60CA /* FixelText-Black.ttf in Resources */ = {isa = PBXBuildFile; fileRef = F5CDF3CC2AB7436A008F60CA /* FixelText-Black.ttf */; };
		F5CDF3D62AB7436A008F60CA /* FixelText-Thin.ttf in Resources */ = {isa = PBXBuildFile; fileRef = F5CDF3CD2AB7436A008F60CA /* FixelText-Thin.ttf */; };
		F5CDF3D72AB7436A008F60CA /* FixelText-Medium.ttf in Resources */ = {isa = PBXBuildFile; fileRef = F5CDF3CE2AB7436A008F60CA /* FixelText-Medium.ttf */; };
/* End PBXBuildFile section */

/* Begin PBXFileReference section */
		F515ECDE2ABF6B4F00225887 /* APIManager.swift */ = {isa = PBXFileReference; lastKnownFileType = sourcecode.swift; path = APIManager.swift; sourceTree = "<group>"; };
		F515ECE42ABF7B9A00225887 /* art.scnassets */ = {isa = PBXFileReference; lastKnownFileType = wrapper.scnassets; path = art.scnassets; sourceTree = "<group>"; };
		F515ECE62AC218D100225887 /* ListView.swift */ = {isa = PBXFileReference; lastKnownFileType = sourcecode.swift; path = ListView.swift; sourceTree = "<group>"; };
		F51F0B202AE1A9E400CF31D3 /* SubFoldersListView.swift */ = {isa = PBXFileReference; lastKnownFileType = sourcecode.swift; path = SubFoldersListView.swift; sourceTree = "<group>"; };
		F51F0B222AE1AA1F00CF31D3 /* FolderCellView.swift */ = {isa = PBXFileReference; lastKnownFileType = sourcecode.swift; path = FolderCellView.swift; sourceTree = "<group>"; };
		F51F0B242AE1AA8A00CF31D3 /* ModelCellView.swift */ = {isa = PBXFileReference; lastKnownFileType = sourcecode.swift; path = ModelCellView.swift; sourceTree = "<group>"; };
		F525C4342ADDD61700A988B1 /* AddModelView.swift */ = {isa = PBXFileReference; lastKnownFileType = sourcecode.swift; path = AddModelView.swift; sourceTree = "<group>"; };
		F525C4362ADDD62A00A988B1 /* AddSubFolderView.swift */ = {isa = PBXFileReference; lastKnownFileType = sourcecode.swift; path = AddSubFolderView.swift; sourceTree = "<group>"; };
		F53516A82AE70EEB00A9F688 /* ModelsListView.swift */ = {isa = PBXFileReference; lastKnownFileType = sourcecode.swift; path = ModelsListView.swift; sourceTree = "<group>"; };
		F535FDC32B27584D00C02B04 /* ARViewExtension.swift */ = {isa = PBXFileReference; lastKnownFileType = sourcecode.swift; path = ARViewExtension.swift; sourceTree = "<group>"; };
		F564CF5B2ABC9881001063D6 /* GoogleService-Info.plist */ = {isa = PBXFileReference; fileEncoding = 4; lastKnownFileType = text.plist.xml; path = "GoogleService-Info.plist"; sourceTree = "<group>"; };
		F5C9667F2AE9AF9200A745FF /* ARModel.swift */ = {isa = PBXFileReference; lastKnownFileType = sourcecode.swift; path = ARModel.swift; sourceTree = "<group>"; };
		F5CDF3922AB5DA14008F60CA /* AR Viewer.app */ = {isa = PBXFileReference; explicitFileType = wrapper.application; includeInIndex = 0; path = "AR Viewer.app"; sourceTree = BUILT_PRODUCTS_DIR; };
		F5CDF3952AB5DA14008F60CA /* AppDelegate.swift */ = {isa = PBXFileReference; lastKnownFileType = sourcecode.swift; path = AppDelegate.swift; sourceTree = "<group>"; };
		F5CDF3972AB5DA14008F60CA /* SceneDelegate.swift */ = {isa = PBXFileReference; lastKnownFileType = sourcecode.swift; path = SceneDelegate.swift; sourceTree = "<group>"; };
		F5CDF3992AB5DA14008F60CA /* ARViewController.swift */ = {isa = PBXFileReference; lastKnownFileType = sourcecode.swift; path = ARViewController.swift; sourceTree = "<group>"; };
		F5CDF39E2AB5DA16008F60CA /* Assets.xcassets */ = {isa = PBXFileReference; lastKnownFileType = folder.assetcatalog; path = Assets.xcassets; sourceTree = "<group>"; };
		F5CDF3A12AB5DA16008F60CA /* Base */ = {isa = PBXFileReference; lastKnownFileType = file.storyboard; name = Base; path = Base.lproj/LaunchScreen.storyboard; sourceTree = "<group>"; };
		F5CDF3A32AB5DA16008F60CA /* Info.plist */ = {isa = PBXFileReference; lastKnownFileType = text.plist.xml; path = Info.plist; sourceTree = "<group>"; };
		F5CDF3B32AB70E2C008F60CA /* TabBarController.swift */ = {isa = PBXFileReference; lastKnownFileType = sourcecode.swift; path = TabBarController.swift; sourceTree = "<group>"; };
		F5CDF3B62AB7144E008F60CA /* UIColorExtension.swift */ = {isa = PBXFileReference; lastKnownFileType = sourcecode.swift; path = UIColorExtension.swift; sourceTree = "<group>"; };
		F5CDF3C32AB7394B008F60CA /* Folder.swift */ = {isa = PBXFileReference; lastKnownFileType = sourcecode.swift; path = Folder.swift; sourceTree = "<group>"; };
		F5CDF3C62AB74369008F60CA /* FixelText-Light.ttf */ = {isa = PBXFileReference; lastKnownFileType = file; path = "FixelText-Light.ttf"; sourceTree = "<group>"; };
		F5CDF3C72AB74369008F60CA /* FixelText-SemiBold.ttf */ = {isa = PBXFileReference; lastKnownFileType = file; path = "FixelText-SemiBold.ttf"; sourceTree = "<group>"; };
		F5CDF3C82AB74369008F60CA /* FixelText-ExtraBold.ttf */ = {isa = PBXFileReference; lastKnownFileType = file; path = "FixelText-ExtraBold.ttf"; sourceTree = "<group>"; };
		F5CDF3C92AB7436A008F60CA /* FixelText-Regular.ttf */ = {isa = PBXFileReference; lastKnownFileType = file; path = "FixelText-Regular.ttf"; sourceTree = "<group>"; };
		F5CDF3CA2AB7436A008F60CA /* FixelText-Bold.ttf */ = {isa = PBXFileReference; lastKnownFileType = file; path = "FixelText-Bold.ttf"; sourceTree = "<group>"; };
		F5CDF3CB2AB7436A008F60CA /* FixelText-ExtraLight.ttf */ = {isa = PBXFileReference; lastKnownFileType = file; path = "FixelText-ExtraLight.ttf"; sourceTree = "<group>"; };
		F5CDF3CC2AB7436A008F60CA /* FixelText-Black.ttf */ = {isa = PBXFileReference; lastKnownFileType = file; path = "FixelText-Black.ttf"; sourceTree = "<group>"; };
		F5CDF3CD2AB7436A008F60CA /* FixelText-Thin.ttf */ = {isa = PBXFileReference; lastKnownFileType = file; path = "FixelText-Thin.ttf"; sourceTree = "<group>"; };
		F5CDF3CE2AB7436A008F60CA /* FixelText-Medium.ttf */ = {isa = PBXFileReference; lastKnownFileType = file; path = "FixelText-Medium.ttf"; sourceTree = "<group>"; };
/* End PBXFileReference section */

/* Begin PBXFrameworksBuildPhase section */
		F5CDF38F2AB5DA14008F60CA /* Frameworks */ = {
			isa = PBXFrameworksBuildPhase;
			buildActionMask = 2147483647;
			files = (
				F59336452AE2E3D1005F3B24 /* SnapKit in Frameworks */,
				F59336812AE2E47C005F3B24 /* FirebaseStorage in Frameworks */,
				F593367F2AE2E436005F3B24 /* RealmSwift in Frameworks */,
			);
			runOnlyForDeploymentPostprocessing = 0;
		};
/* End PBXFrameworksBuildPhase section */

/* Begin PBXGroup section */
		F515ECE82AC225C800225887 /* Frameworks */ = {
			isa = PBXGroup;
			children = (
			);
			name = Frameworks;
			sourceTree = "<group>";
		};
		F525C4332ADDD5D600A988B1 /* Views */ = {
			isa = PBXGroup;
			children = (
				F515ECE62AC218D100225887 /* ListView.swift */,
				F51F0B202AE1A9E400CF31D3 /* SubFoldersListView.swift */,
				F53516A82AE70EEB00A9F688 /* ModelsListView.swift */,
				F51F0B222AE1AA1F00CF31D3 /* FolderCellView.swift */,
				F51F0B242AE1AA8A00CF31D3 /* ModelCellView.swift */,
				F525C4362ADDD62A00A988B1 /* AddSubFolderView.swift */,
				F525C4342ADDD61700A988B1 /* AddModelView.swift */,
			);
			path = Views;
			sourceTree = "<group>";
		};
		F5CDF3892AB5DA14008F60CA = {
			isa = PBXGroup;
			children = (
				F5CDF3942AB5DA14008F60CA /* AR Viewer */,
				F5CDF3932AB5DA14008F60CA /* Products */,
				F515ECE82AC225C800225887 /* Frameworks */,
			);
			sourceTree = "<group>";
		};
		F5CDF3932AB5DA14008F60CA /* Products */ = {
			isa = PBXGroup;
			children = (
				F5CDF3922AB5DA14008F60CA /* AR Viewer.app */,
			);
			name = Products;
			sourceTree = "<group>";
		};
		F5CDF3942AB5DA14008F60CA /* AR Viewer */ = {
			isa = PBXGroup;
			children = (
				F5CDF3952AB5DA14008F60CA /* AppDelegate.swift */,
				F5CDF3972AB5DA14008F60CA /* SceneDelegate.swift */,
				F515ECDE2ABF6B4F00225887 /* APIManager.swift */,
				F515ECE42ABF7B9A00225887 /* art.scnassets */,
				F5CDF3BD2AB735A3008F60CA /* Protocols */,
				F5CDF3B52AB71435008F60CA /* UIExtensions */,
				F5CDF3C52AB742B1008F60CA /* Fonts */,
				F5CDF3AE2AB5E535008F60CA /* Controllers */,
				F525C4332ADDD5D600A988B1 /* Views */,
				F5CDF3C22AB738B6008F60CA /* Models */,
				F5CDF39E2AB5DA16008F60CA /* Assets.xcassets */,
				F5CDF3A02AB5DA16008F60CA /* LaunchScreen.storyboard */,
				F5CDF3A32AB5DA16008F60CA /* Info.plist */,
				F564CF5B2ABC9881001063D6 /* GoogleService-Info.plist */,
			);
			path = "AR Viewer";
			sourceTree = "<group>";
		};
		F5CDF3AE2AB5E535008F60CA /* Controllers */ = {
			isa = PBXGroup;
			children = (
				F5CDF3B32AB70E2C008F60CA /* TabBarController.swift */,
				F5CDF3992AB5DA14008F60CA /* ARViewController.swift */,
			);
			path = Controllers;
			sourceTree = "<group>";
		};
		F5CDF3B52AB71435008F60CA /* UIExtensions */ = {
			isa = PBXGroup;
			children = (
				F5CDF3B62AB7144E008F60CA /* UIColorExtension.swift */,
				F535FDC32B27584D00C02B04 /* ARViewExtension.swift */,
			);
			path = UIExtensions;
			sourceTree = "<group>";
		};
		F5CDF3BD2AB735A3008F60CA /* Protocols */ = {
			isa = PBXGroup;
			children = (
			);
			path = Protocols;
			sourceTree = "<group>";
		};
		F5CDF3C22AB738B6008F60CA /* Models */ = {
			isa = PBXGroup;
			children = (
				F5CDF3C32AB7394B008F60CA /* Folder.swift */,
				F5C9667F2AE9AF9200A745FF /* ARModel.swift */,
			);
			path = Models;
			sourceTree = "<group>";
		};
		F5CDF3C52AB742B1008F60CA /* Fonts */ = {
			isa = PBXGroup;
			children = (
				F5CDF3CC2AB7436A008F60CA /* FixelText-Black.ttf */,
				F5CDF3CA2AB7436A008F60CA /* FixelText-Bold.ttf */,
				F5CDF3C82AB74369008F60CA /* FixelText-ExtraBold.ttf */,
				F5CDF3CB2AB7436A008F60CA /* FixelText-ExtraLight.ttf */,
				F5CDF3C62AB74369008F60CA /* FixelText-Light.ttf */,
				F5CDF3CE2AB7436A008F60CA /* FixelText-Medium.ttf */,
				F5CDF3C92AB7436A008F60CA /* FixelText-Regular.ttf */,
				F5CDF3C72AB74369008F60CA /* FixelText-SemiBold.ttf */,
				F5CDF3CD2AB7436A008F60CA /* FixelText-Thin.ttf */,
			);
			path = Fonts;
			sourceTree = "<group>";
		};
/* End PBXGroup section */

/* Begin PBXNativeTarget section */
		F5CDF3912AB5DA14008F60CA /* AR Viewer */ = {
			isa = PBXNativeTarget;
			buildConfigurationList = F5CDF3A62AB5DA16008F60CA /* Build configuration list for PBXNativeTarget "AR Viewer" */;
			buildPhases = (
				F5CDF38E2AB5DA14008F60CA /* Sources */,
				F5CDF38F2AB5DA14008F60CA /* Frameworks */,
				F5CDF3902AB5DA14008F60CA /* Resources */,
			);
			buildRules = (
			);
			dependencies = (
			);
			name = "AR Viewer";
			packageProductDependencies = (
				F59336442AE2E3D1005F3B24 /* SnapKit */,
				F593367E2AE2E436005F3B24 /* RealmSwift */,
				F59336802AE2E47C005F3B24 /* FirebaseStorage */,
			);
			productName = "AR Viewer";
			productReference = F5CDF3922AB5DA14008F60CA /* AR Viewer.app */;
			productType = "com.apple.product-type.application";
		};
/* End PBXNativeTarget section */

/* Begin PBXProject section */
		F5CDF38A2AB5DA14008F60CA /* Project object */ = {
			isa = PBXProject;
			attributes = {
				BuildIndependentTargetsInParallel = 1;
				LastSwiftUpdateCheck = 1500;
				LastUpgradeCheck = 1500;
				TargetAttributes = {
					F5CDF3912AB5DA14008F60CA = {
						CreatedOnToolsVersion = 15.0;
					};
				};
			};
			buildConfigurationList = F5CDF38D2AB5DA14008F60CA /* Build configuration list for PBXProject "AR Viewer" */;
			compatibilityVersion = "Xcode 14.0";
			developmentRegion = en;
			hasScannedForEncodings = 0;
			knownRegions = (
				en,
				Base,
			);
			mainGroup = F5CDF3892AB5DA14008F60CA;
			packageReferences = (
				F59336432AE2E3D1005F3B24 /* XCRemoteSwiftPackageReference "SnapKit" */,
				F59336482AE2E40E005F3B24 /* XCRemoteSwiftPackageReference "firebase-ios-sdk" */,
				F593367B2AE2E435005F3B24 /* XCRemoteSwiftPackageReference "realm-swift" */,
			);
			productRefGroup = F5CDF3932AB5DA14008F60CA /* Products */;
			projectDirPath = "";
			projectRoot = "";
			targets = (
				F5CDF3912AB5DA14008F60CA /* AR Viewer */,
			);
		};
/* End PBXProject section */

/* Begin PBXResourcesBuildPhase section */
		F5CDF3902AB5DA14008F60CA /* Resources */ = {
			isa = PBXResourcesBuildPhase;
			buildActionMask = 2147483647;
			files = (
				F5CDF3D72AB7436A008F60CA /* FixelText-Medium.ttf in Resources */,
				F5CDF3A22AB5DA16008F60CA /* LaunchScreen.storyboard in Resources */,
				F515ECE52ABF7B9A00225887 /* art.scnassets in Resources */,
				F5CDF3D22AB7436A008F60CA /* FixelText-Regular.ttf in Resources */,
				F5CDF3D42AB7436A008F60CA /* FixelText-ExtraLight.ttf in Resources */,
				F5CDF39F2AB5DA16008F60CA /* Assets.xcassets in Resources */,
				F564CF5C2ABC9881001063D6 /* GoogleService-Info.plist in Resources */,
				F5CDF3D12AB7436A008F60CA /* FixelText-ExtraBold.ttf in Resources */,
				F5CDF3D52AB7436A008F60CA /* FixelText-Black.ttf in Resources */,
				F5CDF3CF2AB7436A008F60CA /* FixelText-Light.ttf in Resources */,
				F5CDF3D02AB7436A008F60CA /* FixelText-SemiBold.ttf in Resources */,
				F5CDF3D32AB7436A008F60CA /* FixelText-Bold.ttf in Resources */,
				F5CDF3D62AB7436A008F60CA /* FixelText-Thin.ttf in Resources */,
			);
			runOnlyForDeploymentPostprocessing = 0;
		};
/* End PBXResourcesBuildPhase section */

/* Begin PBXSourcesBuildPhase section */
		F5CDF38E2AB5DA14008F60CA /* Sources */ = {
			isa = PBXSourcesBuildPhase;
			buildActionMask = 2147483647;
			files = (
				F51F0B252AE1AA8A00CF31D3 /* ModelCellView.swift in Sources */,
				F525C4372ADDD62A00A988B1 /* AddSubFolderView.swift in Sources */,
				F5CDF39A2AB5DA14008F60CA /* ARViewController.swift in Sources */,
				F51F0B232AE1AA1F00CF31D3 /* FolderCellView.swift in Sources */,
				F515ECE72AC218D100225887 /* ListView.swift in Sources */,
				F5CDF3C42AB7394B008F60CA /* Folder.swift in Sources */,
				F525C4352ADDD61700A988B1 /* AddModelView.swift in Sources */,
				F5CDF3962AB5DA14008F60CA /* AppDelegate.swift in Sources */,
				F515ECDF2ABF6B5000225887 /* APIManager.swift in Sources */,
				F5C966802AE9AF9200A745FF /* ARModel.swift in Sources */,
				F5CDF3B42AB70E2C008F60CA /* TabBarController.swift in Sources */,
				F535FDC42B27584D00C02B04 /* ARViewExtension.swift in Sources */,
				F53516A92AE70EEB00A9F688 /* ModelsListView.swift in Sources */,
				F51F0B212AE1A9E400CF31D3 /* SubFoldersListView.swift in Sources */,
				F5CDF3982AB5DA14008F60CA /* SceneDelegate.swift in Sources */,
				F5CDF3B72AB7144E008F60CA /* UIColorExtension.swift in Sources */,
			);
			runOnlyForDeploymentPostprocessing = 0;
		};
/* End PBXSourcesBuildPhase section */

/* Begin PBXVariantGroup section */
		F5CDF3A02AB5DA16008F60CA /* LaunchScreen.storyboard */ = {
			isa = PBXVariantGroup;
			children = (
				F5CDF3A12AB5DA16008F60CA /* Base */,
			);
			name = LaunchScreen.storyboard;
			sourceTree = "<group>";
		};
/* End PBXVariantGroup section */

/* Begin XCBuildConfiguration section */
		F5CDF3A42AB5DA16008F60CA /* Debug */ = {
			isa = XCBuildConfiguration;
			buildSettings = {
				ALWAYS_SEARCH_USER_PATHS = NO;
				ASSETCATALOG_COMPILER_GENERATE_SWIFT_ASSET_SYMBOL_EXTENSIONS = YES;
				CLANG_ANALYZER_NONNULL = YES;
				CLANG_ANALYZER_NUMBER_OBJECT_CONVERSION = YES_AGGRESSIVE;
				CLANG_CXX_LANGUAGE_STANDARD = "gnu++20";
				CLANG_ENABLE_MODULES = YES;
				CLANG_ENABLE_OBJC_ARC = YES;
				CLANG_ENABLE_OBJC_WEAK = YES;
				CLANG_WARN_BLOCK_CAPTURE_AUTORELEASING = YES;
				CLANG_WARN_BOOL_CONVERSION = YES;
				CLANG_WARN_COMMA = YES;
				CLANG_WARN_CONSTANT_CONVERSION = YES;
				CLANG_WARN_DEPRECATED_OBJC_IMPLEMENTATIONS = YES;
				CLANG_WARN_DIRECT_OBJC_ISA_USAGE = YES_ERROR;
				CLANG_WARN_DOCUMENTATION_COMMENTS = YES;
				CLANG_WARN_EMPTY_BODY = YES;
				CLANG_WARN_ENUM_CONVERSION = YES;
				CLANG_WARN_INFINITE_RECURSION = YES;
				CLANG_WARN_INT_CONVERSION = YES;
				CLANG_WARN_NON_LITERAL_NULL_CONVERSION = YES;
				CLANG_WARN_OBJC_IMPLICIT_RETAIN_SELF = YES;
				CLANG_WARN_OBJC_LITERAL_CONVERSION = YES;
				CLANG_WARN_OBJC_ROOT_CLASS = YES_ERROR;
				CLANG_WARN_QUOTED_INCLUDE_IN_FRAMEWORK_HEADER = YES;
				CLANG_WARN_RANGE_LOOP_ANALYSIS = YES;
				CLANG_WARN_STRICT_PROTOTYPES = YES;
				CLANG_WARN_SUSPICIOUS_MOVE = YES;
				CLANG_WARN_UNGUARDED_AVAILABILITY = YES_AGGRESSIVE;
				CLANG_WARN_UNREACHABLE_CODE = YES;
				CLANG_WARN__DUPLICATE_METHOD_MATCH = YES;
				COPY_PHASE_STRIP = NO;
				DEBUG_INFORMATION_FORMAT = dwarf;
				ENABLE_STRICT_OBJC_MSGSEND = YES;
				ENABLE_TESTABILITY = YES;
				ENABLE_USER_SCRIPT_SANDBOXING = YES;
				GCC_C_LANGUAGE_STANDARD = gnu17;
				GCC_DYNAMIC_NO_PIC = NO;
				GCC_NO_COMMON_BLOCKS = YES;
				GCC_OPTIMIZATION_LEVEL = 0;
				GCC_PREPROCESSOR_DEFINITIONS = (
					"DEBUG=1",
					"$(inherited)",
				);
				GCC_WARN_64_TO_32_BIT_CONVERSION = YES;
				GCC_WARN_ABOUT_RETURN_TYPE = YES_ERROR;
				GCC_WARN_UNDECLARED_SELECTOR = YES;
				GCC_WARN_UNINITIALIZED_AUTOS = YES_AGGRESSIVE;
				GCC_WARN_UNUSED_FUNCTION = YES;
				GCC_WARN_UNUSED_VARIABLE = YES;
				IPHONEOS_DEPLOYMENT_TARGET = 15.0;
				LOCALIZATION_PREFERS_STRING_CATALOGS = YES;
				MTL_ENABLE_DEBUG_INFO = INCLUDE_SOURCE;
				MTL_FAST_MATH = YES;
				ONLY_ACTIVE_ARCH = YES;
				SDKROOT = iphoneos;
				SWIFT_ACTIVE_COMPILATION_CONDITIONS = "DEBUG $(inherited)";
				SWIFT_OPTIMIZATION_LEVEL = "-Onone";
			};
			name = Debug;
		};
		F5CDF3A52AB5DA16008F60CA /* Release */ = {
			isa = XCBuildConfiguration;
			buildSettings = {
				ALWAYS_SEARCH_USER_PATHS = NO;
				ASSETCATALOG_COMPILER_GENERATE_SWIFT_ASSET_SYMBOL_EXTENSIONS = YES;
				CLANG_ANALYZER_NONNULL = YES;
				CLANG_ANALYZER_NUMBER_OBJECT_CONVERSION = YES_AGGRESSIVE;
				CLANG_CXX_LANGUAGE_STANDARD = "gnu++20";
				CLANG_ENABLE_MODULES = YES;
				CLANG_ENABLE_OBJC_ARC = YES;
				CLANG_ENABLE_OBJC_WEAK = YES;
				CLANG_WARN_BLOCK_CAPTURE_AUTORELEASING = YES;
				CLANG_WARN_BOOL_CONVERSION = YES;
				CLANG_WARN_COMMA = YES;
				CLANG_WARN_CONSTANT_CONVERSION = YES;
				CLANG_WARN_DEPRECATED_OBJC_IMPLEMENTATIONS = YES;
				CLANG_WARN_DIRECT_OBJC_ISA_USAGE = YES_ERROR;
				CLANG_WARN_DOCUMENTATION_COMMENTS = YES;
				CLANG_WARN_EMPTY_BODY = YES;
				CLANG_WARN_ENUM_CONVERSION = YES;
				CLANG_WARN_INFINITE_RECURSION = YES;
				CLANG_WARN_INT_CONVERSION = YES;
				CLANG_WARN_NON_LITERAL_NULL_CONVERSION = YES;
				CLANG_WARN_OBJC_IMPLICIT_RETAIN_SELF = YES;
				CLANG_WARN_OBJC_LITERAL_CONVERSION = YES;
				CLANG_WARN_OBJC_ROOT_CLASS = YES_ERROR;
				CLANG_WARN_QUOTED_INCLUDE_IN_FRAMEWORK_HEADER = YES;
				CLANG_WARN_RANGE_LOOP_ANALYSIS = YES;
				CLANG_WARN_STRICT_PROTOTYPES = YES;
				CLANG_WARN_SUSPICIOUS_MOVE = YES;
				CLANG_WARN_UNGUARDED_AVAILABILITY = YES_AGGRESSIVE;
				CLANG_WARN_UNREACHABLE_CODE = YES;
				CLANG_WARN__DUPLICATE_METHOD_MATCH = YES;
				COPY_PHASE_STRIP = NO;
				DEBUG_INFORMATION_FORMAT = "dwarf-with-dsym";
				ENABLE_NS_ASSERTIONS = NO;
				ENABLE_STRICT_OBJC_MSGSEND = YES;
				ENABLE_USER_SCRIPT_SANDBOXING = YES;
				GCC_C_LANGUAGE_STANDARD = gnu17;
				GCC_NO_COMMON_BLOCKS = YES;
				GCC_WARN_64_TO_32_BIT_CONVERSION = YES;
				GCC_WARN_ABOUT_RETURN_TYPE = YES_ERROR;
				GCC_WARN_UNDECLARED_SELECTOR = YES;
				GCC_WARN_UNINITIALIZED_AUTOS = YES_AGGRESSIVE;
				GCC_WARN_UNUSED_FUNCTION = YES;
				GCC_WARN_UNUSED_VARIABLE = YES;
				IPHONEOS_DEPLOYMENT_TARGET = 15.0;
				LOCALIZATION_PREFERS_STRING_CATALOGS = YES;
				MTL_ENABLE_DEBUG_INFO = NO;
				MTL_FAST_MATH = YES;
				SDKROOT = iphoneos;
				SWIFT_COMPILATION_MODE = wholemodule;
				VALIDATE_PRODUCT = YES;
			};
			name = Release;
		};
		F5CDF3A72AB5DA16008F60CA /* Debug */ = {
			isa = XCBuildConfiguration;
			buildSettings = {
				ASSETCATALOG_COMPILER_APPICON_NAME = AppIcon;
				ASSETCATALOG_COMPILER_GLOBAL_ACCENT_COLOR_NAME = AccentColor;
				CODE_SIGN_STYLE = Automatic;
				CURRENT_PROJECT_VERSION = 1;
				DEVELOPMENT_TEAM = X936W7QRV9;
				GENERATE_INFOPLIST_FILE = YES;
				INFOPLIST_FILE = "AR Viewer/Info.plist";
				INFOPLIST_KEY_UIApplicationSupportsIndirectInputEvents = YES;
				INFOPLIST_KEY_UILaunchStoryboardName = LaunchScreen;
				INFOPLIST_KEY_UISupportedInterfaceOrientations = UIInterfaceOrientationPortrait;
				INFOPLIST_KEY_UISupportedInterfaceOrientations_iPad = "UIInterfaceOrientationLandscapeLeft UIInterfaceOrientationLandscapeRight UIInterfaceOrientationPortrait UIInterfaceOrientationPortraitUpsideDown";
				IPHONEOS_DEPLOYMENT_TARGET = 15.0;
				LD_RUNPATH_SEARCH_PATHS = (
					"$(inherited)",
					"@executable_path/Frameworks",
				);
				MARKETING_VERSION = 1.0;
				PRODUCT_BUNDLE_IDENTIFIER = "F0de.AR-Viewer";
				PRODUCT_NAME = "$(TARGET_NAME)";
				SUPPORTED_PLATFORMS = "iphoneos iphonesimulator";
				SUPPORTS_MACCATALYST = NO;
				SUPPORTS_MAC_DESIGNED_FOR_IPHONE_IPAD = NO;
				SUPPORTS_XR_DESIGNED_FOR_IPHONE_IPAD = NO;
				SWIFT_EMIT_LOC_STRINGS = YES;
				SWIFT_VERSION = 5.0;
				TARGETED_DEVICE_FAMILY = 1;
			};
			name = Debug;
		};
		F5CDF3A82AB5DA16008F60CA /* Release */ = {
			isa = XCBuildConfiguration;
			buildSettings = {
				ASSETCATALOG_COMPILER_APPICON_NAME = AppIcon;
				ASSETCATALOG_COMPILER_GLOBAL_ACCENT_COLOR_NAME = AccentColor;
				CODE_SIGN_STYLE = Automatic;
				CURRENT_PROJECT_VERSION = 1;
				DEVELOPMENT_TEAM = X936W7QRV9;
				GENERATE_INFOPLIST_FILE = YES;
				INFOPLIST_FILE = "AR Viewer/Info.plist";
				INFOPLIST_KEY_UIApplicationSupportsIndirectInputEvents = YES;
				INFOPLIST_KEY_UILaunchStoryboardName = LaunchScreen;
				INFOPLIST_KEY_UISupportedInterfaceOrientations = UIInterfaceOrientationPortrait;
				INFOPLIST_KEY_UISupportedInterfaceOrientations_iPad = "UIInterfaceOrientationLandscapeLeft UIInterfaceOrientationLandscapeRight UIInterfaceOrientationPortrait UIInterfaceOrientationPortraitUpsideDown";
				IPHONEOS_DEPLOYMENT_TARGET = 15.0;
				LD_RUNPATH_SEARCH_PATHS = (
					"$(inherited)",
					"@executable_path/Frameworks",
				);
				MARKETING_VERSION = 1.0;
				PRODUCT_BUNDLE_IDENTIFIER = "F0de.AR-Viewer";
				PRODUCT_NAME = "$(TARGET_NAME)";
				SUPPORTED_PLATFORMS = "iphoneos iphonesimulator";
				SUPPORTS_MACCATALYST = NO;
				SUPPORTS_MAC_DESIGNED_FOR_IPHONE_IPAD = NO;
				SUPPORTS_XR_DESIGNED_FOR_IPHONE_IPAD = NO;
				SWIFT_EMIT_LOC_STRINGS = YES;
				SWIFT_VERSION = 5.0;
				TARGETED_DEVICE_FAMILY = 1;
			};
			name = Release;
		};
/* End XCBuildConfiguration section */

/* Begin XCConfigurationList section */
		F5CDF38D2AB5DA14008F60CA /* Build configuration list for PBXProject "AR Viewer" */ = {
			isa = XCConfigurationList;
			buildConfigurations = (
				F5CDF3A42AB5DA16008F60CA /* Debug */,
				F5CDF3A52AB5DA16008F60CA /* Release */,
			);
			defaultConfigurationIsVisible = 0;
			defaultConfigurationName = Release;
		};
		F5CDF3A62AB5DA16008F60CA /* Build configuration list for PBXNativeTarget "AR Viewer" */ = {
			isa = XCConfigurationList;
			buildConfigurations = (
				F5CDF3A72AB5DA16008F60CA /* Debug */,
				F5CDF3A82AB5DA16008F60CA /* Release */,
			);
			defaultConfigurationIsVisible = 0;
			defaultConfigurationName = Release;
		};
/* End XCConfigurationList section */

/* Begin XCRemoteSwiftPackageReference section */
		F59336432AE2E3D1005F3B24 /* XCRemoteSwiftPackageReference "SnapKit" */ = {
			isa = XCRemoteSwiftPackageReference;
			repositoryURL = "https://github.com/SnapKit/SnapKit.git";
			requirement = {
				kind = upToNextMajorVersion;
				minimumVersion = 5.6.0;
			};
		};
		F59336482AE2E40E005F3B24 /* XCRemoteSwiftPackageReference "firebase-ios-sdk" */ = {
			isa = XCRemoteSwiftPackageReference;
			repositoryURL = "https://github.com/firebase/firebase-ios-sdk";
			requirement = {
				kind = upToNextMajorVersion;
				minimumVersion = 10.16.0;
			};
		};
		F593367B2AE2E435005F3B24 /* XCRemoteSwiftPackageReference "realm-swift" */ = {
			isa = XCRemoteSwiftPackageReference;
			repositoryURL = "https://github.com/realm/realm-swift.git";
			requirement = {
				kind = upToNextMajorVersion;
				minimumVersion = 10.43.1;
			};
		};
/* End XCRemoteSwiftPackageReference section */

/* Begin XCSwiftPackageProductDependency section */
		F59336442AE2E3D1005F3B24 /* SnapKit */ = {
			isa = XCSwiftPackageProductDependency;
			package = F59336432AE2E3D1005F3B24 /* XCRemoteSwiftPackageReference "SnapKit" */;
			productName = SnapKit;
		};
		F593367E2AE2E436005F3B24 /* RealmSwift */ = {
			isa = XCSwiftPackageProductDependency;
			package = F593367B2AE2E435005F3B24 /* XCRemoteSwiftPackageReference "realm-swift" */;
			productName = RealmSwift;
		};
		F59336802AE2E47C005F3B24 /* FirebaseStorage */ = {
			isa = XCSwiftPackageProductDependency;
			package = F59336482AE2E40E005F3B24 /* XCRemoteSwiftPackageReference "firebase-ios-sdk" */;
			productName = FirebaseStorage;
		};
/* End XCSwiftPackageProductDependency section */
	};
	rootObject = F5CDF38A2AB5DA14008F60CA /* Project object */;
}
